// !$*UTF8*$!
{
	archiveVersion = 1;
	classes = {
	};
	objectVersion = 55;
	objects = {

/* Begin PBXBuildFile section */
		E79C84B929D7B963009AB799 /* RecipeFeaturedView.swift in Sources */ = {isa = PBXBuildFile; fileRef = E79C84B829D7B963009AB799 /* RecipeFeaturedView.swift */; };
		E7B6926027638BBB00D13533 /* DataService.swift in Sources */ = {isa = PBXBuildFile; fileRef = E7B6925F27638BBB00D13533 /* DataService.swift */; };
		E7B692852766233000D13533 /* RecipeDetailView.swift in Sources */ = {isa = PBXBuildFile; fileRef = E7B692842766233000D13533 /* RecipeDetailView.swift */; };
		E7B692872767838D00D13533 /* RecipeTabView.swift in Sources */ = {isa = PBXBuildFile; fileRef = E7B692862767838D00D13533 /* RecipeTabView.swift */; };
		E7FFDC3E275F9CB700EF104B /* Recipe_SwiftUI_App.swift in Sources */ = {isa = PBXBuildFile; fileRef = E7FFDC3D275F9CB700EF104B /* Recipe_SwiftUI_App.swift */; };
		E7FFDC40275F9CB700EF104B /* RecipeListView.swift in Sources */ = {isa = PBXBuildFile; fileRef = E7FFDC3F275F9CB700EF104B /* RecipeListView.swift */; };
		E7FFDC42275F9CB800EF104B /* Assets.xcassets in Resources */ = {isa = PBXBuildFile; fileRef = E7FFDC41275F9CB800EF104B /* Assets.xcassets */; };
		E7FFDC45275F9CB800EF104B /* Preview Assets.xcassets in Resources */ = {isa = PBXBuildFile; fileRef = E7FFDC44275F9CB800EF104B /* Preview Assets.xcassets */; };
		E7FFDC51275F9EFC00EF104B /* recipes.json in Resources */ = {isa = PBXBuildFile; fileRef = E7FFDC50275F9EFC00EF104B /* recipes.json */; };
		E7FFDC53275FA00100EF104B /* Recipe.swift in Sources */ = {isa = PBXBuildFile; fileRef = E7FFDC52275FA00100EF104B /* Recipe.swift */; };
		E7FFDC55275FA13C00EF104B /* RecipeModel.swift in Sources */ = {isa = PBXBuildFile; fileRef = E7FFDC54275FA13C00EF104B /* RecipeModel.swift */; };
/* End PBXBuildFile section */

/* Begin PBXFileReference section */
		E79C84B829D7B963009AB799 /* RecipeFeaturedView.swift */ = {isa = PBXFileReference; lastKnownFileType = sourcecode.swift; path = RecipeFeaturedView.swift; sourceTree = "<group>"; };
		E7B6925F27638BBB00D13533 /* DataService.swift */ = {isa = PBXFileReference; lastKnownFileType = sourcecode.swift; path = DataService.swift; sourceTree = "<group>"; };
		E7B692842766233000D13533 /* RecipeDetailView.swift */ = {isa = PBXFileReference; lastKnownFileType = sourcecode.swift; path = RecipeDetailView.swift; sourceTree = "<group>"; };
		E7B692862767838D00D13533 /* RecipeTabView.swift */ = {isa = PBXFileReference; lastKnownFileType = sourcecode.swift; path = RecipeTabView.swift; sourceTree = "<group>"; };
		E7FFDC3A275F9CB700EF104B /* Recipe-SwiftUI.app */ = {isa = PBXFileReference; explicitFileType = wrapper.application; includeInIndex = 0; path = "Recipe-SwiftUI.app"; sourceTree = BUILT_PRODUCTS_DIR; };
		E7FFDC3D275F9CB700EF104B /* Recipe_SwiftUI_App.swift */ = {isa = PBXFileReference; lastKnownFileType = sourcecode.swift; path = Recipe_SwiftUI_App.swift; sourceTree = "<group>"; };
		E7FFDC3F275F9CB700EF104B /* RecipeListView.swift */ = {isa = PBXFileReference; lastKnownFileType = sourcecode.swift; path = RecipeListView.swift; sourceTree = "<group>"; };
		E7FFDC41275F9CB800EF104B /* Assets.xcassets */ = {isa = PBXFileReference; lastKnownFileType = folder.assetcatalog; path = Assets.xcassets; sourceTree = "<group>"; };
		E7FFDC44275F9CB800EF104B /* Preview Assets.xcassets */ = {isa = PBXFileReference; lastKnownFileType = folder.assetcatalog; path = "Preview Assets.xcassets"; sourceTree = "<group>"; };
		E7FFDC50275F9EFC00EF104B /* recipes.json */ = {isa = PBXFileReference; fileEncoding = 4; lastKnownFileType = text.json; path = recipes.json; sourceTree = "<group>"; };
		E7FFDC52275FA00100EF104B /* Recipe.swift */ = {isa = PBXFileReference; lastKnownFileType = sourcecode.swift; path = Recipe.swift; sourceTree = "<group>"; };
		E7FFDC54275FA13C00EF104B /* RecipeModel.swift */ = {isa = PBXFileReference; lastKnownFileType = sourcecode.swift; path = RecipeModel.swift; sourceTree = "<group>"; };
/* End PBXFileReference section */

/* Begin PBXFrameworksBuildPhase section */
		E7FFDC37275F9CB700EF104B /* Frameworks */ = {
			isa = PBXFrameworksBuildPhase;
			buildActionMask = 2147483647;
			files = (
			);
			runOnlyForDeploymentPostprocessing = 0;
		};
/* End PBXFrameworksBuildPhase section */

/* Begin PBXGroup section */
		E7FFDC31275F9CB700EF104B = {
			isa = PBXGroup;
			children = (
				E7FFDC3C275F9CB700EF104B /* Recipe-SwiftUI */,
				E7FFDC3B275F9CB700EF104B /* Products */,
			);
			sourceTree = "<group>";
		};
		E7FFDC3B275F9CB700EF104B /* Products */ = {
			isa = PBXGroup;
			children = (
				E7FFDC3A275F9CB700EF104B /* Recipe-SwiftUI.app */,
			);
			name = Products;
			sourceTree = "<group>";
		};
		E7FFDC3C275F9CB700EF104B /* Recipe-SwiftUI */ = {
			isa = PBXGroup;
			children = (
				E7FFDC3D275F9CB700EF104B /* Recipe_SwiftUI_App.swift */,
				E7FFDC4B275F9D1000EF104B /* Views */,
				E7FFDC4C275F9D1900EF104B /* ViewModels */,
				E7FFDC4D275F9D3300EF104B /* Models */,
				E7FFDC4F275F9D4300EF104B /* Services */,
				E7FFDC4E275F9D3A00EF104B /* Data */,
				E7FFDC41275F9CB800EF104B /* Assets.xcassets */,
				E7FFDC43275F9CB800EF104B /* Preview Content */,
			);
			path = "Recipe-SwiftUI";
			sourceTree = "<group>";
		};
		E7FFDC43275F9CB800EF104B /* Preview Content */ = {
			isa = PBXGroup;
			children = (
				E7FFDC44275F9CB800EF104B /* Preview Assets.xcassets */,
			);
			path = "Preview Content";
			sourceTree = "<group>";
		};
		E7FFDC4B275F9D1000EF104B /* Views */ = {
			isa = PBXGroup;
			children = (
				E7B692862767838D00D13533 /* RecipeTabView.swift */,
				E79C84B829D7B963009AB799 /* RecipeFeaturedView.swift */,
				E7FFDC3F275F9CB700EF104B /* RecipeListView.swift */,
				E7B692842766233000D13533 /* RecipeDetailView.swift */,
			);
			path = Views;
			sourceTree = "<group>";
		};
		E7FFDC4C275F9D1900EF104B /* ViewModels */ = {
			isa = PBXGroup;
			children = (
				E7FFDC54275FA13C00EF104B /* RecipeModel.swift */,
			);
			path = ViewModels;
			sourceTree = "<group>";
		};
		E7FFDC4D275F9D3300EF104B /* Models */ = {
			isa = PBXGroup;
			children = (
				E7FFDC52275FA00100EF104B /* Recipe.swift */,
			);
			path = Models;
			sourceTree = "<group>";
		};
		E7FFDC4E275F9D3A00EF104B /* Data */ = {
			isa = PBXGroup;
			children = (
				E7FFDC50275F9EFC00EF104B /* recipes.json */,
			);
			path = Data;
			sourceTree = "<group>";
		};
		E7FFDC4F275F9D4300EF104B /* Services */ = {
			isa = PBXGroup;
			children = (
				E7B6925F27638BBB00D13533 /* DataService.swift */,
			);
			path = Services;
			sourceTree = "<group>";
		};
/* End PBXGroup section */

/* Begin PBXNativeTarget section */
		E7FFDC39275F9CB700EF104B /* Recipe-SwiftUI */ = {
			isa = PBXNativeTarget;
			buildConfigurationList = E7FFDC48275F9CB800EF104B /* Build configuration list for PBXNativeTarget "Recipe-SwiftUI" */;
			buildPhases = (
				E7FFDC36275F9CB700EF104B /* Sources */,
				E7FFDC37275F9CB700EF104B /* Frameworks */,
				E7FFDC38275F9CB700EF104B /* Resources */,
			);
			buildRules = (
			);
			dependencies = (
			);
			name = "Recipe-SwiftUI";
			productName = "Recipe-SwiftUI";
			productReference = E7FFDC3A275F9CB700EF104B /* Recipe-SwiftUI.app */;
			productType = "com.apple.product-type.application";
		};
/* End PBXNativeTarget section */

/* Begin PBXProject section */
		E7FFDC32275F9CB700EF104B /* Project object */ = {
			isa = PBXProject;
			attributes = {
				BuildIndependentTargetsInParallel = 1;
				LastSwiftUpdateCheck = 1310;
				LastUpgradeCheck = 1310;
				TargetAttributes = {
					E7FFDC39275F9CB700EF104B = {
						CreatedOnToolsVersion = 13.1;
					};
				};
			};
			buildConfigurationList = E7FFDC35275F9CB700EF104B /* Build configuration list for PBXProject "Recipe-SwiftUI" */;
			compatibilityVersion = "Xcode 13.0";
			developmentRegion = en;
			hasScannedForEncodings = 0;
			knownRegions = (
				en,
				Base,
			);
			mainGroup = E7FFDC31275F9CB700EF104B;
			productRefGroup = E7FFDC3B275F9CB700EF104B /* Products */;
			projectDirPath = "";
			projectRoot = "";
			targets = (
				E7FFDC39275F9CB700EF104B /* Recipe-SwiftUI */,
			);
		};
/* End PBXProject section */

/* Begin PBXResourcesBuildPhase section */
		E7FFDC38275F9CB700EF104B /* Resources */ = {
			isa = PBXResourcesBuildPhase;
			buildActionMask = 2147483647;
			files = (
				E7FFDC45275F9CB800EF104B /* Preview Assets.xcassets in Resources */,
				E7FFDC51275F9EFC00EF104B /* recipes.json in Resources */,
				E7FFDC42275F9CB800EF104B /* Assets.xcassets in Resources */,
			);
			runOnlyForDeploymentPostprocessing = 0;
		};
/* End PBXResourcesBuildPhase section */

/* Begin PBXSourcesBuildPhase section */
		E7FFDC36275F9CB700EF104B /* Sources */ = {
			isa = PBXSourcesBuildPhase;
			buildActionMask = 2147483647;
			files = (
				E7FFDC53275FA00100EF104B /* Recipe.swift in Sources */,
				E7B692852766233000D13533 /* RecipeDetailView.swift in Sources */,
				E7FFDC55275FA13C00EF104B /* RecipeModel.swift in Sources */,
				E7FFDC40275F9CB700EF104B /* RecipeListView.swift in Sources */,
				E7FFDC3E275F9CB700EF104B /* Recipe_SwiftUI_App.swift in Sources */,
				E7B6926027638BBB00D13533 /* DataService.swift in Sources */,
				E79C84B929D7B963009AB799 /* RecipeFeaturedView.swift in Sources */,
				E7B692872767838D00D13533 /* RecipeTabView.swift in Sources */,
			);
			runOnlyForDeploymentPostprocessing = 0;
		};
/* End PBXSourcesBuildPhase section */

/* Begin XCBuildConfiguration section */
		E7FFDC46275F9CB800EF104B /* Debug */ = {
			isa = XCBuildConfiguration;
			buildSettings = {
				ALWAYS_SEARCH_USER_PATHS = NO;
				CLANG_ANALYZER_NONNULL = YES;
				CLANG_ANALYZER_NUMBER_OBJECT_CONVERSION = YES_AGGRESSIVE;
				CLANG_CXX_LANGUAGE_STANDARD = "gnu++17";
				CLANG_CXX_LIBRARY = "libc++";
				CLANG_ENABLE_MODULES = YES;
				CLANG_ENABLE_OBJC_ARC = YES;
				CLANG_ENABLE_OBJC_WEAK = YES;
				CLANG_WARN_BLOCK_CAPTURE_AUTORELEASING = YES;
				CLANG_WARN_BOOL_CONVERSION = YES;
				CLANG_WARN_COMMA = YES;
				CLANG_WARN_CONSTANT_CONVERSION = YES;
				CLANG_WARN_DEPRECATED_OBJC_IMPLEMENTATIONS = YES;
				CLANG_WARN_DIRECT_OBJC_ISA_USAGE = YES_ERROR;
				CLANG_WARN_DOCUMENTATION_COMMENTS = YES;
				CLANG_WARN_EMPTY_BODY = YES;
				CLANG_WARN_ENUM_CONVERSION = YES;
				CLANG_WARN_INFINITE_RECURSION = YES;
				CLANG_WARN_INT_CONVERSION = YES;
				CLANG_WARN_NON_LITERAL_NULL_CONVERSION = YES;
				CLANG_WARN_OBJC_IMPLICIT_RETAIN_SELF = YES;
				CLANG_WARN_OBJC_LITERAL_CONVERSION = YES;
				CLANG_WARN_OBJC_ROOT_CLASS = YES_ERROR;
				CLANG_WARN_QUOTED_INCLUDE_IN_FRAMEWORK_HEADER = YES;
				CLANG_WARN_RANGE_LOOP_ANALYSIS = YES;
				CLANG_WARN_STRICT_PROTOTYPES = YES;
				CLANG_WARN_SUSPICIOUS_MOVE = YES;
				CLANG_WARN_UNGUARDED_AVAILABILITY = YES_AGGRESSIVE;
				CLANG_WARN_UNREACHABLE_CODE = YES;
				CLANG_WARN__DUPLICATE_METHOD_MATCH = YES;
				COPY_PHASE_STRIP = NO;
				DEBUG_INFORMATION_FORMAT = dwarf;
				ENABLE_STRICT_OBJC_MSGSEND = YES;
				ENABLE_TESTABILITY = YES;
				GCC_C_LANGUAGE_STANDARD = gnu11;
				GCC_DYNAMIC_NO_PIC = NO;
				GCC_NO_COMMON_BLOCKS = YES;
				GCC_OPTIMIZATION_LEVEL = 0;
				GCC_PREPROCESSOR_DEFINITIONS = (
					"DEBUG=1",
					"$(inherited)",
				);
				GCC_WARN_64_TO_32_BIT_CONVERSION = YES;
				GCC_WARN_ABOUT_RETURN_TYPE = YES_ERROR;
				GCC_WARN_UNDECLARED_SELECTOR = YES;
				GCC_WARN_UNINITIALIZED_AUTOS = YES_AGGRESSIVE;
				GCC_WARN_UNUSED_FUNCTION = YES;
				GCC_WARN_UNUSED_VARIABLE = YES;
				IPHONEOS_DEPLOYMENT_TARGET = 15.0;
				MTL_ENABLE_DEBUG_INFO = INCLUDE_SOURCE;
				MTL_FAST_MATH = YES;
				ONLY_ACTIVE_ARCH = YES;
				SDKROOT = iphoneos;
				SWIFT_ACTIVE_COMPILATION_CONDITIONS = DEBUG;
				SWIFT_OPTIMIZATION_LEVEL = "-Onone";
			};
			name = Debug;
		};
		E7FFDC47275F9CB800EF104B /* Release */ = {
			isa = XCBuildConfiguration;
			buildSettings = {
				ALWAYS_SEARCH_USER_PATHS = NO;
				CLANG_ANALYZER_NONNULL = YES;
				CLANG_ANALYZER_NUMBER_OBJECT_CONVERSION = YES_AGGRESSIVE;
				CLANG_CXX_LANGUAGE_STANDARD = "gnu++17";
				CLANG_CXX_LIBRARY = "libc++";
				CLANG_ENABLE_MODULES = YES;
				CLANG_ENABLE_OBJC_ARC = YES;
				CLANG_ENABLE_OBJC_WEAK = YES;
				CLANG_WARN_BLOCK_CAPTURE_AUTORELEASING = YES;
				CLANG_WARN_BOOL_CONVERSION = YES;
				CLANG_WARN_COMMA = YES;
				CLANG_WARN_CONSTANT_CONVERSION = YES;
				CLANG_WARN_DEPRECATED_OBJC_IMPLEMENTATIONS = YES;
				CLANG_WARN_DIRECT_OBJC_ISA_USAGE = YES_ERROR;
				CLANG_WARN_DOCUMENTATION_COMMENTS = YES;
				CLANG_WARN_EMPTY_BODY = YES;
				CLANG_WARN_ENUM_CONVERSION = YES;
				CLANG_WARN_INFINITE_RECURSION = YES;
				CLANG_WARN_INT_CONVERSION = YES;
				CLANG_WARN_NON_LITERAL_NULL_CONVERSION = YES;
				CLANG_WARN_OBJC_IMPLICIT_RETAIN_SELF = YES;
				CLANG_WARN_OBJC_LITERAL_CONVERSION = YES;
				CLANG_WARN_OBJC_ROOT_CLASS = YES_ERROR;
				CLANG_WARN_QUOTED_INCLUDE_IN_FRAMEWORK_HEADER = YES;
				CLANG_WARN_RANGE_LOOP_ANALYSIS = YES;
				CLANG_WARN_STRICT_PROTOTYPES = YES;
				CLANG_WARN_SUSPICIOUS_MOVE = YES;
				CLANG_WARN_UNGUARDED_AVAILABILITY = YES_AGGRESSIVE;
				CLANG_WARN_UNREACHABLE_CODE = YES;
				CLANG_WARN__DUPLICATE_METHOD_MATCH = YES;
				COPY_PHASE_STRIP = NO;
				DEBUG_INFORMATION_FORMAT = "dwarf-with-dsym";
				ENABLE_NS_ASSERTIONS = NO;
				ENABLE_STRICT_OBJC_MSGSEND = YES;
				GCC_C_LANGUAGE_STANDARD = gnu11;
				GCC_NO_COMMON_BLOCKS = YES;
				GCC_WARN_64_TO_32_BIT_CONVERSION = YES;
				GCC_WARN_ABOUT_RETURN_TYPE = YES_ERROR;
				GCC_WARN_UNDECLARED_SELECTOR = YES;
				GCC_WARN_UNINITIALIZED_AUTOS = YES_AGGRESSIVE;
				GCC_WARN_UNUSED_FUNCTION = YES;
				GCC_WARN_UNUSED_VARIABLE = YES;
				IPHONEOS_DEPLOYMENT_TARGET = 15.0;
				MTL_ENABLE_DEBUG_INFO = NO;
				MTL_FAST_MATH = YES;
				SDKROOT = iphoneos;
				SWIFT_COMPILATION_MODE = wholemodule;
				SWIFT_OPTIMIZATION_LEVEL = "-O";
				VALIDATE_PRODUCT = YES;
			};
			name = Release;
		};
		E7FFDC49275F9CB800EF104B /* Debug */ = {
			isa = XCBuildConfiguration;
			buildSettings = {
				ASSETCATALOG_COMPILER_APPICON_NAME = AppIcon;
				ASSETCATALOG_COMPILER_GLOBAL_ACCENT_COLOR_NAME = AccentColor;
				CODE_SIGN_STYLE = Automatic;
				CURRENT_PROJECT_VERSION = 1;
				DEVELOPMENT_ASSET_PATHS = "\"Recipe-SwiftUI/Preview Content\"";
				ENABLE_PREVIEWS = YES;
				GENERATE_INFOPLIST_FILE = YES;
				INFOPLIST_KEY_UIApplicationSceneManifest_Generation = YES;
				INFOPLIST_KEY_UIApplicationSupportsIndirectInputEvents = YES;
				INFOPLIST_KEY_UILaunchScreen_Generation = YES;
				INFOPLIST_KEY_UISupportedInterfaceOrientations_iPad = "UIInterfaceOrientationPortrait UIInterfaceOrientationPortraitUpsideDown UIInterfaceOrientationLandscapeLeft UIInterfaceOrientationLandscapeRight";
				INFOPLIST_KEY_UISupportedInterfaceOrientations_iPhone = "UIInterfaceOrientationPortrait UIInterfaceOrientationLandscapeLeft UIInterfaceOrientationLandscapeRight";
				LD_RUNPATH_SEARCH_PATHS = (
					"$(inherited)",
					"@executable_path/Frameworks",
				);
				MARKETING_VERSION = 1.0;
				PRODUCT_BUNDLE_IDENTIFIER = "com.ryutenu.Recipe-SwiftUI";
				PRODUCT_NAME = "$(TARGET_NAME)";
				SWIFT_EMIT_LOC_STRINGS = YES;
				SWIFT_VERSION = 5.0;
				TARGETED_DEVICE_FAMILY = "1,2";
			};
			name = Debug;
		};
		E7FFDC4A275F9CB800EF104B /* Release */ = {
			isa = XCBuildConfiguration;
			buildSettings = {
				ASSETCATALOG_COMPILER_APPICON_NAME = AppIcon;
				ASSETCATALOG_COMPILER_GLOBAL_ACCENT_COLOR_NAME = AccentColor;
				CODE_SIGN_STYLE = Automatic;
				CURRENT_PROJECT_VERSION = 1;
				DEVELOPMENT_ASSET_PATHS = "\"Recipe-SwiftUI/Preview Content\"";
				ENABLE_PREVIEWS = YES;
				GENERATE_INFOPLIST_FILE = YES;
				INFOPLIST_KEY_UIApplicationSceneManifest_Generation = YES;
				INFOPLIST_KEY_UIApplicationSupportsIndirectInputEvents = YES;
				INFOPLIST_KEY_UILaunchScreen_Generation = YES;
				INFOPLIST_KEY_UISupportedInterfaceOrientations_iPad = "UIInterfaceOrientationPortrait UIInterfaceOrientationPortraitUpsideDown UIInterfaceOrientationLandscapeLeft UIInterfaceOrientationLandscapeRight";
				INFOPLIST_KEY_UISupportedInterfaceOrientations_iPhone = "UIInterfaceOrientationPortrait UIInterfaceOrientationLandscapeLeft UIInterfaceOrientationLandscapeRight";
				LD_RUNPATH_SEARCH_PATHS = (
					"$(inherited)",
					"@executable_path/Frameworks",
				);
				MARKETING_VERSION = 1.0;
				PRODUCT_BUNDLE_IDENTIFIER = "com.ryutenu.Recipe-SwiftUI";
				PRODUCT_NAME = "$(TARGET_NAME)";
				SWIFT_EMIT_LOC_STRINGS = YES;
				SWIFT_VERSION = 5.0;
				TARGETED_DEVICE_FAMILY = "1,2";
			};
			name = Release;
		};
/* End XCBuildConfiguration section */

/* Begin XCConfigurationList section */
		E7FFDC35275F9CB700EF104B /* Build configuration list for PBXProject "Recipe-SwiftUI" */ = {
			isa = XCConfigurationList;
			buildConfigurations = (
				E7FFDC46275F9CB800EF104B /* Debug */,
				E7FFDC47275F9CB800EF104B /* Release */,
			);
			defaultConfigurationIsVisible = 0;
			defaultConfigurationName = Release;
		};
		E7FFDC48275F9CB800EF104B /* Build configuration list for PBXNativeTarget "Recipe-SwiftUI" */ = {
			isa = XCConfigurationList;
			buildConfigurations = (
				E7FFDC49275F9CB800EF104B /* Debug */,
				E7FFDC4A275F9CB800EF104B /* Release */,
			);
			defaultConfigurationIsVisible = 0;
			defaultConfigurationName = Release;
		};
/* End XCConfigurationList section */
	};
	rootObject = E7FFDC32275F9CB700EF104B /* Project object */;
}
